{
  "name": "ed25519-verify-circom",
  "version": "1.0.0",
  "lockfileVersion": 3,
  "requires": true,
  "packages": {
    "": {
      "name": "ed25519-verify-circom",
      "version": "1.0.0",
      "dependencies": {
        "@electron-labs/sha512": "^1.0.4",
        "circomlib": "^2.0.5"
      }
    },
    "node_modules/@electron-labs/sha512": {
      "version": "1.0.4",
      "resolved": "https://registry.npmjs.org/@electron-labs/sha512/-/sha512-1.0.4.tgz",
      "integrity": "sha512-WaU89leCfuwR9TFIUyTyX6ZBOaykdD8pIw0rCsuSaOCs0e4ppO4K6VYIcZA6Bi//MCz5Gzdqrv+O3qPBTRWGBw==",
      "license": "GPL-3.0"
    },
    "node_modules/circomlib": {
      "version": "2.0.5",
      "resolved": "https://registry.npmjs.org/circomlib/-/circomlib-2.0.5.tgz",
      "integrity": "sha512-O7NQ8OS+J4eshBuoy36z/TwQU0YHw8W3zxZcs4hVwpEll3e4hDm3mgkIPqItN8FDeLEKZFK3YeT/+k8TiLF3/A==",
      "license": "GPL-3.0"
    }
  }
}
